
Microsoft Visual Studio Solution File, Format Version 12.00
# Visual Studio Version 17
VisualStudioVersion = 17.0.32014.148
MinimumVisualStudioVersion = 10.0.40219.1
Project("{9A19103F-16F7-4668-BE54-9A1E7A4F7556}") = "RayoAuth", "RayoAuth\RayoAuth.csproj", "{457FF191-0C0A-450D-82A2-13EC4DEA39C4}"
EndProject
Project("{FAE04EC0-301F-11D3-BF4B-00C04F79EFBC}") = "RayoInfo", "RayoInfo\RayoInfo.csproj", "{0F0943E5-1AAF-4D85-B47D-3B337263CFC0}"
EndProject
Global
	GlobalSection(SolutionConfigurationPlatforms) = preSolution
		Debug|Any CPU = Debug|Any CPU
		Release|Any CPU = Release|Any CPU
	EndGlobalSection
	GlobalSection(ProjectConfigurationPlatforms) = postSolution
		{457FF191-0C0A-450D-82A2-13EC4DEA39C4}.Debug|Any CPU.ActiveCfg = Debug|Any CPU
		{457FF191-0C0A-450D-82A2-13EC4DEA39C4}.Debug|Any CPU.Build.0 = Debug|Any CPU
		{457FF191-0C0A-450D-82A2-13EC4DEA39C4}.Release|Any CPU.ActiveCfg = Release|Any CPU
		{457FF191-0C0A-450D-82A2-13EC4DEA39C4}.Release|Any CPU.Build.0 = Release|Any CPU
		{0F0943E5-1AAF-4D85-B47D-3B337263CFC0}.Debug|Any CPU.ActiveCfg = Debug|Any CPU
		{0F0943E5-1AAF-4D85-B47D-3B337263CFC0}.Debug|Any CPU.Build.0 = Debug|Any CPU
		{0F0943E5-1AAF-4D85-B47D-3B337263CFC0}.Release|Any CPU.ActiveCfg = Release|Any CPU
		{0F0943E5-1AAF-4D85-B47D-3B337263CFC0}.Release|Any CPU.Build.0 = Release|Any CPU
	EndGlobalSection
	GlobalSection(SolutionProperties) = preSolution
		HideSolutionNode = FALSE
	EndGlobalSection
	GlobalSection(ExtensibilityGlobals) = postSolution
		SolutionGuid = {A05E076F-EE73-4AC8-8B62-9937242DD408}
	EndGlobalSection
EndGlobal
